
Microsoft Visual Studio Solution File, Format Version 12.00
# Visual Studio Version 16
VisualStudioVersion = 16.0.31911.196
MinimumVisualStudioVersion = 10.0.40219.1
Project("{FAE04EC0-301F-11D3-BF4B-00C04F79EFBC}") = "SharpLogix", "SharpLogix.csproj", "{4C722293-69B2-483F-A4AE-825E72B7E5F6}"
EndProject
Global
	GlobalSection(SolutionConfigurationPlatforms) = preSolution
		Debug|Any CPU = Debug|Any CPU
		Release|Any CPU = Release|Any CPU
	EndGlobalSection
	GlobalSection(ProjectConfigurationPlatforms) = postSolution
		{4C722293-69B2-483F-A4AE-825E72B7E5F6}.Debug|Any CPU.ActiveCfg = Debug|Any CPU
		{4C722293-69B2-483F-A4AE-825E72B7E5F6}.Debug|Any CPU.Build.0 = Debug|Any CPU
		{4C722293-69B2-483F-A4AE-825E72B7E5F6}.Release|Any CPU.ActiveCfg = Release|Any CPU
		{4C722293-69B2-483F-A4AE-825E72B7E5F6}.Release|Any CPU.Build.0 = Release|Any CPU
	EndGlobalSection
	GlobalSection(SolutionProperties) = preSolution
		HideSolutionNode = FALSE
	EndGlobalSection
	GlobalSection(ExtensibilityGlobals) = postSolution
		SolutionGuid = {0FF52FEF-6348-4479-8E9F-1A5E5D589E05}
	EndGlobalSection
EndGlobal
